
Microsoft Visual Studio Solution File, Format Version 12.00
# Visual Studio Version 16
VisualStudioVersion = 16.0.31105.61
MinimumVisualStudioVersion = 10.0.40219.1
Project("{FAE04EC0-301F-11D3-BF4B-00C04F79EFBC}") = "mosaic_modulation_project", "mosaic_modulation_project\mosaic_modulation_project.csproj", "{C745DF47-9B36-4962-99E6-913F6D2F4619}"
EndProject
Project("{FAE04EC0-301F-11D3-BF4B-00C04F79EFBC}") = "Real_Time_Voice_Modulation", "Real_Time_Voice_Modulation\Real_Time_Voice_Modulation.csproj", "{FAFF01B6-5CAC-4812-B15A-EBDA53879120}"
EndProject
<<<<<<< HEAD
=======
Project("{FAE04EC0-301F-11D3-BF4B-00C04F79EFBC}") = "PitchShifter", "PitchShifter\PitchShifter.csproj", "{CB549DCA-8769-497E-A9FD-80645C9D7350}"
EndProject
>>>>>>> parent of 2e793ff (Face Recognization(PCA))
Global
	GlobalSection(SolutionConfigurationPlatforms) = preSolution
		Debug|Any CPU = Debug|Any CPU
		Debug|x64 = Debug|x64
		Release|Any CPU = Release|Any CPU
		Release|x64 = Release|x64
	EndGlobalSection
	GlobalSection(ProjectConfigurationPlatforms) = postSolution
		{C745DF47-9B36-4962-99E6-913F6D2F4619}.Debug|Any CPU.ActiveCfg = Debug|Any CPU
		{C745DF47-9B36-4962-99E6-913F6D2F4619}.Debug|Any CPU.Build.0 = Debug|Any CPU
		{C745DF47-9B36-4962-99E6-913F6D2F4619}.Debug|x64.ActiveCfg = Debug|x64
		{C745DF47-9B36-4962-99E6-913F6D2F4619}.Debug|x64.Build.0 = Debug|x64
		{C745DF47-9B36-4962-99E6-913F6D2F4619}.Release|Any CPU.ActiveCfg = Release|Any CPU
		{C745DF47-9B36-4962-99E6-913F6D2F4619}.Release|Any CPU.Build.0 = Release|Any CPU
		{C745DF47-9B36-4962-99E6-913F6D2F4619}.Release|x64.ActiveCfg = Release|x64
		{C745DF47-9B36-4962-99E6-913F6D2F4619}.Release|x64.Build.0 = Release|x64
		{FAFF01B6-5CAC-4812-B15A-EBDA53879120}.Debug|Any CPU.ActiveCfg = Debug|Any CPU
		{FAFF01B6-5CAC-4812-B15A-EBDA53879120}.Debug|Any CPU.Build.0 = Debug|Any CPU
		{FAFF01B6-5CAC-4812-B15A-EBDA53879120}.Debug|x64.ActiveCfg = Debug|Any CPU
		{FAFF01B6-5CAC-4812-B15A-EBDA53879120}.Debug|x64.Build.0 = Debug|Any CPU
		{FAFF01B6-5CAC-4812-B15A-EBDA53879120}.Release|Any CPU.ActiveCfg = Release|Any CPU
		{FAFF01B6-5CAC-4812-B15A-EBDA53879120}.Release|Any CPU.Build.0 = Release|Any CPU
		{FAFF01B6-5CAC-4812-B15A-EBDA53879120}.Release|x64.ActiveCfg = Release|Any CPU
		{FAFF01B6-5CAC-4812-B15A-EBDA53879120}.Release|x64.Build.0 = Release|Any CPU
<<<<<<< HEAD
		{FAFF01B6-5CAC-4812-B15A-EBDA53879120}.Release|x86.ActiveCfg = Release|Any CPU
		{FAFF01B6-5CAC-4812-B15A-EBDA53879120}.Release|x86.Build.0 = Release|Any CPU
=======
		{CB549DCA-8769-497E-A9FD-80645C9D7350}.Debug|Any CPU.ActiveCfg = Debug|Any CPU
		{CB549DCA-8769-497E-A9FD-80645C9D7350}.Debug|Any CPU.Build.0 = Debug|Any CPU
		{CB549DCA-8769-497E-A9FD-80645C9D7350}.Debug|x64.ActiveCfg = Debug|Any CPU
		{CB549DCA-8769-497E-A9FD-80645C9D7350}.Debug|x64.Build.0 = Debug|Any CPU
		{CB549DCA-8769-497E-A9FD-80645C9D7350}.Release|Any CPU.ActiveCfg = Release|Any CPU
		{CB549DCA-8769-497E-A9FD-80645C9D7350}.Release|Any CPU.Build.0 = Release|Any CPU
		{CB549DCA-8769-497E-A9FD-80645C9D7350}.Release|x64.ActiveCfg = Release|Any CPU
		{CB549DCA-8769-497E-A9FD-80645C9D7350}.Release|x64.Build.0 = Release|Any CPU
>>>>>>> parent of 2e793ff (Face Recognization(PCA))
	EndGlobalSection
	GlobalSection(SolutionProperties) = preSolution
		HideSolutionNode = FALSE
	EndGlobalSection
	GlobalSection(ExtensibilityGlobals) = postSolution
		SolutionGuid = {5CA9FDFF-E29D-4BFE-887B-F865AF8E8D01}
	EndGlobalSection
EndGlobal
